
Microsoft Visual Studio Solution File, Format Version 12.00
# Visual Studio Version 16
VisualStudioVersion = 16.0.31005.135
MinimumVisualStudioVersion = 10.0.40219.1
Project("{FAE04EC0-301F-11D3-BF4B-00C04F79EFBC}") = "CLR", "CLR\CLR.csproj", "{21704F2C-E45F-4F52-B11D-DDCFA1230B61}"
EndProject
Global
	GlobalSection(SolutionConfigurationPlatforms) = preSolution
		Debug|Any CPU = Debug|Any CPU
		Release|Any CPU = Release|Any CPU
	EndGlobalSection
	GlobalSection(ProjectConfigurationPlatforms) = postSolution
		{21704F2C-E45F-4F52-B11D-DDCFA1230B61}.Debug|Any CPU.ActiveCfg = Debug|Any CPU
		{21704F2C-E45F-4F52-B11D-DDCFA1230B61}.Debug|Any CPU.Build.0 = Debug|Any CPU
		{21704F2C-E45F-4F52-B11D-DDCFA1230B61}.Release|Any CPU.ActiveCfg = Release|Any CPU
		{21704F2C-E45F-4F52-B11D-DDCFA1230B61}.Release|Any CPU.Build.0 = Release|Any CPU
	EndGlobalSection
	GlobalSection(SolutionProperties) = preSolution
		HideSolutionNode = FALSE
	EndGlobalSection
	GlobalSection(ExtensibilityGlobals) = postSolution
		SolutionGuid = {CEFBD150-4684-49F4-BCA3-5BC760922E33}
	EndGlobalSection
EndGlobal
